Microsoft Visual Studio Solution File, Format Version 12.00
# Visual Studio 16
Project("{F184B08F-C81C-45F6-A57F-5ABD9991F28F}") = "MessageBoxServiceCodeExample", "MessageBoxServiceCodeExample\MessageBoxServiceCodeExample.Net5.vbproj", "{9015D70D-96F4-48FE-81BE-7FA66455DE55}"
EndProject
Global
	GlobalSection(SolutionConfigurationPlatforms) = preSolution
		Debug|Any CPU = Debug|Any CPU
		Release|Any CPU = Release|Any CPU
	EndGlobalSection
	GlobalSection(ProjectConfigurationPlatforms) = postSolution
		{9015D70D-96F4-48FE-81BE-7FA66455DE55}.Debug|Any CPU.ActiveCfg = Debug|Any CPU
		{9015D70D-96F4-48FE-81BE-7FA66455DE55}.Debug|Any CPU.Build.0 = Debug|Any CPU
		{9015D70D-96F4-48FE-81BE-7FA66455DE55}.Release|Any CPU.ActiveCfg = Release|Any CPU
		{9015D70D-96F4-48FE-81BE-7FA66455DE55}.Release|Any CPU.Build.0 = Release|Any CPU
	EndGlobalSection
	GlobalSection(SolutionProperties) = preSolution
		HideSolutionNode = FALSE
	EndGlobalSection
EndGlobal
